
Microsoft Visual Studio Solution File, Format Version 12.00
# Visual Studio 15
VisualStudioVersion = 15.0.26430.16
MinimumVisualStudioVersion = 10.0.40219.1
Project("{2150E333-8FDC-42A3-9474-1A3956D46DE8}") = "src", "src", "{2C2F5A9E-82CD-4286-A5C0-883FBAF3CFA7}"
EndProject
Project("{9A19103F-16F7-4668-BE54-9A1E7A4F7556}") = "API.Core", "src\API.Core\API.Core.csproj", "{7C71FAD5-45D7-4A99-8A7A-B56F5FAAA232}"
EndProject
Project("{9A19103F-16F7-4668-BE54-9A1E7A4F7556}") = "LCM.Core.Entity", "src\LCM.Core.Entity\LCM.Core.Entity.csproj", "{947048F4-BDA1-4363-BCF1-DA4EE2B4644C}"
EndProject
Project("{9A19103F-16F7-4668-BE54-9A1E7A4F7556}") = "LCM.Core.Entity.Service", "src\LCM.Core.Entity.Service\LCM.Core.Entity.Service.csproj", "{EE6277E3-9A01-4A53-958A-FC13B45782F8}"
EndProject
Project("{FAE04EC0-301F-11D3-BF4B-00C04F79EFBC}") = "LCM.Core.UI", "src\LCM.Core.UI\LCM.Core.UI.csproj", "{900C1053-CEF8-48BF-BC46-5CA629B7D699}"
EndProject
Project("{9A19103F-16F7-4668-BE54-9A1E7A4F7556}") = "LCM.Data.EF", "src\LCM.Data.EF\LCM.Data.EF.csproj", "{D2B4864B-603C-44DB-9C8F-8771608C0B9E}"
EndProject
Project("{9A19103F-16F7-4668-BE54-9A1E7A4F7556}") = "LCM.Data.Model", "src\LCM.Data.Model\LCM.Data.Model.csproj", "{89993901-CF07-49B6-94C2-67A68CDE3BC6}"
EndProject
Project("{FAE04EC0-301F-11D3-BF4B-00C04F79EFBC}") = "LCM.UWP.App", "src\LCM.UWP.App\LCM.UWP.App.csproj", "{022D7E16-B349-4F41-81E2-AE1E56C258FE}"
EndProject
Global
	GlobalSection(SolutionConfigurationPlatforms) = preSolution
		Debug|Any CPU = Debug|Any CPU
		Debug|ARM = Debug|ARM
		Debug|x64 = Debug|x64
		Debug|x86 = Debug|x86
		Release|Any CPU = Release|Any CPU
		Release|ARM = Release|ARM
		Release|x64 = Release|x64
		Release|x86 = Release|x86
	EndGlobalSection
	GlobalSection(ProjectConfigurationPlatforms) = postSolution
		{7C71FAD5-45D7-4A99-8A7A-B56F5FAAA232}.Debug|Any CPU.ActiveCfg = Debug|Any CPU
		{7C71FAD5-45D7-4A99-8A7A-B56F5FAAA232}.Debug|Any CPU.Build.0 = Debug|Any CPU
		{7C71FAD5-45D7-4A99-8A7A-B56F5FAAA232}.Debug|ARM.ActiveCfg = Debug|Any CPU
		{7C71FAD5-45D7-4A99-8A7A-B56F5FAAA232}.Debug|ARM.Build.0 = Debug|Any CPU
		{7C71FAD5-45D7-4A99-8A7A-B56F5FAAA232}.Debug|x64.ActiveCfg = Debug|Any CPU
		{7C71FAD5-45D7-4A99-8A7A-B56F5FAAA232}.Debug|x64.Build.0 = Debug|Any CPU
		{7C71FAD5-45D7-4A99-8A7A-B56F5FAAA232}.Debug|x86.ActiveCfg = Debug|Any CPU
		{7C71FAD5-45D7-4A99-8A7A-B56F5FAAA232}.Debug|x86.Build.0 = Debug|Any CPU
		{7C71FAD5-45D7-4A99-8A7A-B56F5FAAA232}.Release|Any CPU.ActiveCfg = Release|Any CPU
		{7C71FAD5-45D7-4A99-8A7A-B56F5FAAA232}.Release|Any CPU.Build.0 = Release|Any CPU
		{7C71FAD5-45D7-4A99-8A7A-B56F5FAAA232}.Release|ARM.ActiveCfg = Release|Any CPU
		{7C71FAD5-45D7-4A99-8A7A-B56F5FAAA232}.Release|ARM.Build.0 = Release|Any CPU
		{7C71FAD5-45D7-4A99-8A7A-B56F5FAAA232}.Release|x64.ActiveCfg = Release|Any CPU
		{7C71FAD5-45D7-4A99-8A7A-B56F5FAAA232}.Release|x64.Build.0 = Release|Any CPU
		{7C71FAD5-45D7-4A99-8A7A-B56F5FAAA232}.Release|x86.ActiveCfg = Release|Any CPU
		{7C71FAD5-45D7-4A99-8A7A-B56F5FAAA232}.Release|x86.Build.0 = Release|Any CPU
		{947048F4-BDA1-4363-BCF1-DA4EE2B4644C}.Debug|Any CPU.ActiveCfg = Debug|Any CPU
		{947048F4-BDA1-4363-BCF1-DA4EE2B4644C}.Debug|Any CPU.Build.0 = Debug|Any CPU
		{947048F4-BDA1-4363-BCF1-DA4EE2B4644C}.Debug|ARM.ActiveCfg = Debug|Any CPU
		{947048F4-BDA1-4363-BCF1-DA4EE2B4644C}.Debug|ARM.Build.0 = Debug|Any CPU
		{947048F4-BDA1-4363-BCF1-DA4EE2B4644C}.Debug|x64.ActiveCfg = Debug|Any CPU
		{947048F4-BDA1-4363-BCF1-DA4EE2B4644C}.Debug|x64.Build.0 = Debug|Any CPU
		{947048F4-BDA1-4363-BCF1-DA4EE2B4644C}.Debug|x86.ActiveCfg = Debug|Any CPU
		{947048F4-BDA1-4363-BCF1-DA4EE2B4644C}.Debug|x86.Build.0 = Debug|Any CPU
		{947048F4-BDA1-4363-BCF1-DA4EE2B4644C}.Release|Any CPU.ActiveCfg = Release|Any CPU
		{947048F4-BDA1-4363-BCF1-DA4EE2B4644C}.Release|Any CPU.Build.0 = Release|Any CPU
		{947048F4-BDA1-4363-BCF1-DA4EE2B4644C}.Release|ARM.ActiveCfg = Release|Any CPU
		{947048F4-BDA1-4363-BCF1-DA4EE2B4644C}.Release|ARM.Build.0 = Release|Any CPU
		{947048F4-BDA1-4363-BCF1-DA4EE2B4644C}.Release|x64.ActiveCfg = Release|Any CPU
		{947048F4-BDA1-4363-BCF1-DA4EE2B4644C}.Release|x64.Build.0 = Release|Any CPU
		{947048F4-BDA1-4363-BCF1-DA4EE2B4644C}.Release|x86.ActiveCfg = Release|Any CPU
		{947048F4-BDA1-4363-BCF1-DA4EE2B4644C}.Release|x86.Build.0 = Release|Any CPU
		{EE6277E3-9A01-4A53-958A-FC13B45782F8}.Debug|Any CPU.ActiveCfg = Debug|Any CPU
		{EE6277E3-9A01-4A53-958A-FC13B45782F8}.Debug|Any CPU.Build.0 = Debug|Any CPU
		{EE6277E3-9A01-4A53-958A-FC13B45782F8}.Debug|ARM.ActiveCfg = Debug|Any CPU
		{EE6277E3-9A01-4A53-958A-FC13B45782F8}.Debug|ARM.Build.0 = Debug|Any CPU
		{EE6277E3-9A01-4A53-958A-FC13B45782F8}.Debug|x64.ActiveCfg = Debug|Any CPU
		{EE6277E3-9A01-4A53-958A-FC13B45782F8}.Debug|x64.Build.0 = Debug|Any CPU
		{EE6277E3-9A01-4A53-958A-FC13B45782F8}.Debug|x86.ActiveCfg = Debug|Any CPU
		{EE6277E3-9A01-4A53-958A-FC13B45782F8}.Debug|x86.Build.0 = Debug|Any CPU
		{EE6277E3-9A01-4A53-958A-FC13B45782F8}.Release|Any CPU.ActiveCfg = Release|Any CPU
		{EE6277E3-9A01-4A53-958A-FC13B45782F8}.Release|Any CPU.Build.0 = Release|Any CPU
		{EE6277E3-9A01-4A53-958A-FC13B45782F8}.Release|ARM.ActiveCfg = Release|Any CPU
		{EE6277E3-9A01-4A53-958A-FC13B45782F8}.Release|ARM.Build.0 = Release|Any CPU
		{EE6277E3-9A01-4A53-958A-FC13B45782F8}.Release|x64.ActiveCfg = Release|Any CPU
		{EE6277E3-9A01-4A53-958A-FC13B45782F8}.Release|x64.Build.0 = Release|Any CPU
		{EE6277E3-9A01-4A53-958A-FC13B45782F8}.Release|x86.ActiveCfg = Release|Any CPU
		{EE6277E3-9A01-4A53-958A-FC13B45782F8}.Release|x86.Build.0 = Release|Any CPU
		{900C1053-CEF8-48BF-BC46-5CA629B7D699}.Debug|Any CPU.ActiveCfg = Debug|Any CPU
		{900C1053-CEF8-48BF-BC46-5CA629B7D699}.Debug|Any CPU.Build.0 = Debug|Any CPU
		{900C1053-CEF8-48BF-BC46-5CA629B7D699}.Debug|ARM.ActiveCfg = Debug|Any CPU
		{900C1053-CEF8-48BF-BC46-5CA629B7D699}.Debug|ARM.Build.0 = Debug|Any CPU
		{900C1053-CEF8-48BF-BC46-5CA629B7D699}.Debug|x64.ActiveCfg = Debug|Any CPU
		{900C1053-CEF8-48BF-BC46-5CA629B7D699}.Debug|x64.Build.0 = Debug|Any CPU
		{900C1053-CEF8-48BF-BC46-5CA629B7D699}.Debug|x86.ActiveCfg = Debug|Any CPU
		{900C1053-CEF8-48BF-BC46-5CA629B7D699}.Debug|x86.Build.0 = Debug|Any CPU
		{900C1053-CEF8-48BF-BC46-5CA629B7D699}.Release|Any CPU.ActiveCfg = Release|Any CPU
		{900C1053-CEF8-48BF-BC46-5CA629B7D699}.Release|Any CPU.Build.0 = Release|Any CPU
		{900C1053-CEF8-48BF-BC46-5CA629B7D699}.Release|ARM.ActiveCfg = Release|Any CPU
		{900C1053-CEF8-48BF-BC46-5CA629B7D699}.Release|ARM.Build.0 = Release|Any CPU
		{900C1053-CEF8-48BF-BC46-5CA629B7D699}.Release|x64.ActiveCfg = Release|Any CPU
		{900C1053-CEF8-48BF-BC46-5CA629B7D699}.Release|x64.Build.0 = Release|Any CPU
		{900C1053-CEF8-48BF-BC46-5CA629B7D699}.Release|x86.ActiveCfg = Release|Any CPU
		{900C1053-CEF8-48BF-BC46-5CA629B7D699}.Release|x86.Build.0 = Release|Any CPU
		{D2B4864B-603C-44DB-9C8F-8771608C0B9E}.Debug|Any CPU.ActiveCfg = Debug|Any CPU
		{D2B4864B-603C-44DB-9C8F-8771608C0B9E}.Debug|Any CPU.Build.0 = Debug|Any CPU
		{D2B4864B-603C-44DB-9C8F-8771608C0B9E}.Debug|ARM.ActiveCfg = Debug|Any CPU
		{D2B4864B-603C-44DB-9C8F-8771608C0B9E}.Debug|ARM.Build.0 = Debug|Any CPU
		{D2B4864B-603C-44DB-9C8F-8771608C0B9E}.Debug|x64.ActiveCfg = Debug|Any CPU
		{D2B4864B-603C-44DB-9C8F-8771608C0B9E}.Debug|x64.Build.0 = Debug|Any CPU
		{D2B4864B-603C-44DB-9C8F-8771608C0B9E}.Debug|x86.ActiveCfg = Debug|Any CPU
		{D2B4864B-603C-44DB-9C8F-8771608C0B9E}.Debug|x86.Build.0 = Debug|Any CPU
		{D2B4864B-603C-44DB-9C8F-8771608C0B9E}.Release|Any CPU.ActiveCfg = Release|Any CPU
		{D2B4864B-603C-44DB-9C8F-8771608C0B9E}.Release|Any CPU.Build.0 = Release|Any CPU
		{D2B4864B-603C-44DB-9C8F-8771608C0B9E}.Release|ARM.ActiveCfg = Release|Any CPU
		{D2B4864B-603C-44DB-9C8F-8771608C0B9E}.Release|ARM.Build.0 = Release|Any CPU
		{D2B4864B-603C-44DB-9C8F-8771608C0B9E}.Release|x64.ActiveCfg = Release|Any CPU
		{D2B4864B-603C-44DB-9C8F-8771608C0B9E}.Release|x64.Build.0 = Release|Any CPU
		{D2B4864B-603C-44DB-9C8F-8771608C0B9E}.Release|x86.ActiveCfg = Release|Any CPU
		{D2B4864B-603C-44DB-9C8F-8771608C0B9E}.Release|x86.Build.0 = Release|Any CPU
		{89993901-CF07-49B6-94C2-67A68CDE3BC6}.Debug|Any CPU.ActiveCfg = Debug|Any CPU
		{89993901-CF07-49B6-94C2-67A68CDE3BC6}.Debug|Any CPU.Build.0 = Debug|Any CPU
		{89993901-CF07-49B6-94C2-67A68CDE3BC6}.Debug|ARM.ActiveCfg = Debug|Any CPU
		{89993901-CF07-49B6-94C2-67A68CDE3BC6}.Debug|ARM.Build.0 = Debug|Any CPU
		{89993901-CF07-49B6-94C2-67A68CDE3BC6}.Debug|x64.ActiveCfg = Debug|Any CPU
		{89993901-CF07-49B6-94C2-67A68CDE3BC6}.Debug|x64.Build.0 = Debug|Any CPU
		{89993901-CF07-49B6-94C2-67A68CDE3BC6}.Debug|x86.ActiveCfg = Debug|Any CPU
		{89993901-CF07-49B6-94C2-67A68CDE3BC6}.Debug|x86.Build.0 = Debug|Any CPU
		{89993901-CF07-49B6-94C2-67A68CDE3BC6}.Release|Any CPU.ActiveCfg = Release|Any CPU
		{89993901-CF07-49B6-94C2-67A68CDE3BC6}.Release|Any CPU.Build.0 = Release|Any CPU
		{89993901-CF07-49B6-94C2-67A68CDE3BC6}.Release|ARM.ActiveCfg = Release|Any CPU
		{89993901-CF07-49B6-94C2-67A68CDE3BC6}.Release|ARM.Build.0 = Release|Any CPU
		{89993901-CF07-49B6-94C2-67A68CDE3BC6}.Release|x64.ActiveCfg = Release|Any CPU
		{89993901-CF07-49B6-94C2-67A68CDE3BC6}.Release|x64.Build.0 = Release|Any CPU
		{89993901-CF07-49B6-94C2-67A68CDE3BC6}.Release|x86.ActiveCfg = Release|Any CPU
		{89993901-CF07-49B6-94C2-67A68CDE3BC6}.Release|x86.Build.0 = Release|Any CPU
		{022D7E16-B349-4F41-81E2-AE1E56C258FE}.Debug|Any CPU.ActiveCfg = Debug|x86
		{022D7E16-B349-4F41-81E2-AE1E56C258FE}.Debug|Any CPU.Build.0 = Debug|x86
		{022D7E16-B349-4F41-81E2-AE1E56C258FE}.Debug|Any CPU.Deploy.0 = Debug|x86
		{022D7E16-B349-4F41-81E2-AE1E56C258FE}.Debug|ARM.ActiveCfg = Debug|ARM
		{022D7E16-B349-4F41-81E2-AE1E56C258FE}.Debug|ARM.Build.0 = Debug|ARM
		{022D7E16-B349-4F41-81E2-AE1E56C258FE}.Debug|ARM.Deploy.0 = Debug|ARM
		{022D7E16-B349-4F41-81E2-AE1E56C258FE}.Debug|x64.ActiveCfg = Debug|x64
		{022D7E16-B349-4F41-81E2-AE1E56C258FE}.Debug|x64.Build.0 = Debug|x64
		{022D7E16-B349-4F41-81E2-AE1E56C258FE}.Debug|x64.Deploy.0 = Debug|x64
		{022D7E16-B349-4F41-81E2-AE1E56C258FE}.Debug|x86.ActiveCfg = Debug|x86
		{022D7E16-B349-4F41-81E2-AE1E56C258FE}.Debug|x86.Build.0 = Debug|x86
		{022D7E16-B349-4F41-81E2-AE1E56C258FE}.Debug|x86.Deploy.0 = Debug|x86
		{022D7E16-B349-4F41-81E2-AE1E56C258FE}.Release|Any CPU.ActiveCfg = Release|x86
		{022D7E16-B349-4F41-81E2-AE1E56C258FE}.Release|ARM.ActiveCfg = Release|ARM
		{022D7E16-B349-4F41-81E2-AE1E56C258FE}.Release|ARM.Build.0 = Release|ARM
		{022D7E16-B349-4F41-81E2-AE1E56C258FE}.Release|ARM.Deploy.0 = Release|ARM
		{022D7E16-B349-4F41-81E2-AE1E56C258FE}.Release|x64.ActiveCfg = Release|x64
		{022D7E16-B349-4F41-81E2-AE1E56C258FE}.Release|x64.Build.0 = Release|x64
		{022D7E16-B349-4F41-81E2-AE1E56C258FE}.Release|x64.Deploy.0 = Release|x64
		{022D7E16-B349-4F41-81E2-AE1E56C258FE}.Release|x86.ActiveCfg = Release|x86
		{022D7E16-B349-4F41-81E2-AE1E56C258FE}.Release|x86.Build.0 = Release|x86
		{022D7E16-B349-4F41-81E2-AE1E56C258FE}.Release|x86.Deploy.0 = Release|x86
	EndGlobalSection
	GlobalSection(SolutionProperties) = preSolution
		HideSolutionNode = FALSE
	EndGlobalSection
	GlobalSection(NestedProjects) = preSolution
		{7C71FAD5-45D7-4A99-8A7A-B56F5FAAA232} = {2C2F5A9E-82CD-4286-A5C0-883FBAF3CFA7}
		{947048F4-BDA1-4363-BCF1-DA4EE2B4644C} = {2C2F5A9E-82CD-4286-A5C0-883FBAF3CFA7}
		{EE6277E3-9A01-4A53-958A-FC13B45782F8} = {2C2F5A9E-82CD-4286-A5C0-883FBAF3CFA7}
		{900C1053-CEF8-48BF-BC46-5CA629B7D699} = {2C2F5A9E-82CD-4286-A5C0-883FBAF3CFA7}
		{D2B4864B-603C-44DB-9C8F-8771608C0B9E} = {2C2F5A9E-82CD-4286-A5C0-883FBAF3CFA7}
		{89993901-CF07-49B6-94C2-67A68CDE3BC6} = {2C2F5A9E-82CD-4286-A5C0-883FBAF3CFA7}
		{022D7E16-B349-4F41-81E2-AE1E56C258FE} = {2C2F5A9E-82CD-4286-A5C0-883FBAF3CFA7}
	EndGlobalSection
EndGlobal
