
Microsoft Visual Studio Solution File, Format Version 12.00
# Visual Studio 14
VisualStudioVersion = 14.0.25420.1
MinimumVisualStudioVersion = 10.0.40219.1
Project("{FAE04EC0-301F-11D3-BF4B-00C04F79EFBC}") = "LCM.UWP_App", "src\LCM.UWP_App\LCM.UWP_App.csproj", "{C5F11677-E35C-46E6-9D2A-31EF29AFF804}"
EndProject
Project("{2150E333-8FDC-42A3-9474-1A3956D46DE8}") = "src", "src", "{2C2F5A9E-82CD-4286-A5C0-883FBAF3CFA7}"
EndProject
Project("{FAE04EC0-301F-11D3-BF4B-00C04F79EFBC}") = "LCM.Core", "src\LCM.Core\LCM.Core.csproj", "{FDA2D2D1-4E4C-4BC4-985B-1B50263D10AA}"
EndProject
Project("{FAE04EC0-301F-11D3-BF4B-00C04F79EFBC}") = "LCM.Core.Entity.Service", "src\LCM.Core.Entity.Service\LCM.Core.Entity.Service.csproj", "{759FB89A-7BCE-4200-A867-071CECB168C1}"
EndProject
Project("{FAE04EC0-301F-11D3-BF4B-00C04F79EFBC}") = "LCM.Core.UI", "src\LCM.Core.UI\LCM.Core.UI.csproj", "{FF551802-216A-4E66-B852-5151F8C8FF4C}"
EndProject
Project("{FAE04EC0-301F-11D3-BF4B-00C04F79EFBC}") = "LCM.UWP.Entity.Service", "src\LCM.UWP.Entity.Service\LCM.UWP.Entity.Service.csproj", "{8C42B7D8-D51B-4313-A645-9EF8C3F4F36E}"
EndProject
Project("{FAE04EC0-301F-11D3-BF4B-00C04F79EFBC}") = "LCM.Core.Entity", "src\LCM.Core.Entity\LCM.Core.Entity.csproj", "{9EA0CDD6-9C5D-4649-9C85-AE37597F7D9A}"
EndProject
Project("{FAE04EC0-301F-11D3-BF4B-00C04F79EFBC}") = "LCM.Data.EF", "src\LCM.Data.EF\LCM.Data.EF.csproj", "{B639A09F-A556-4241-8649-4ED7E596ED98}"
EndProject
Global
	GlobalSection(SolutionConfigurationPlatforms) = preSolution
		Debug|Any CPU = Debug|Any CPU
		Debug|ARM = Debug|ARM
		Debug|x64 = Debug|x64
		Debug|x86 = Debug|x86
		Release|Any CPU = Release|Any CPU
		Release|ARM = Release|ARM
		Release|x64 = Release|x64
		Release|x86 = Release|x86
	EndGlobalSection
	GlobalSection(ProjectConfigurationPlatforms) = postSolution
		{C5F11677-E35C-46E6-9D2A-31EF29AFF804}.Debug|Any CPU.ActiveCfg = Debug|x86
		{C5F11677-E35C-46E6-9D2A-31EF29AFF804}.Debug|ARM.ActiveCfg = Debug|ARM
		{C5F11677-E35C-46E6-9D2A-31EF29AFF804}.Debug|ARM.Build.0 = Debug|ARM
		{C5F11677-E35C-46E6-9D2A-31EF29AFF804}.Debug|ARM.Deploy.0 = Debug|ARM
		{C5F11677-E35C-46E6-9D2A-31EF29AFF804}.Debug|x64.ActiveCfg = Debug|x64
		{C5F11677-E35C-46E6-9D2A-31EF29AFF804}.Debug|x64.Build.0 = Debug|x64
		{C5F11677-E35C-46E6-9D2A-31EF29AFF804}.Debug|x64.Deploy.0 = Debug|x64
		{C5F11677-E35C-46E6-9D2A-31EF29AFF804}.Debug|x86.ActiveCfg = Debug|x86
		{C5F11677-E35C-46E6-9D2A-31EF29AFF804}.Debug|x86.Build.0 = Debug|x86
		{C5F11677-E35C-46E6-9D2A-31EF29AFF804}.Debug|x86.Deploy.0 = Debug|x86
		{C5F11677-E35C-46E6-9D2A-31EF29AFF804}.Release|Any CPU.ActiveCfg = Release|x86
		{C5F11677-E35C-46E6-9D2A-31EF29AFF804}.Release|ARM.ActiveCfg = Release|ARM
		{C5F11677-E35C-46E6-9D2A-31EF29AFF804}.Release|ARM.Build.0 = Release|ARM
		{C5F11677-E35C-46E6-9D2A-31EF29AFF804}.Release|ARM.Deploy.0 = Release|ARM
		{C5F11677-E35C-46E6-9D2A-31EF29AFF804}.Release|x64.ActiveCfg = Release|x64
		{C5F11677-E35C-46E6-9D2A-31EF29AFF804}.Release|x64.Build.0 = Release|x64
		{C5F11677-E35C-46E6-9D2A-31EF29AFF804}.Release|x64.Deploy.0 = Release|x64
		{C5F11677-E35C-46E6-9D2A-31EF29AFF804}.Release|x86.ActiveCfg = Release|x86
		{C5F11677-E35C-46E6-9D2A-31EF29AFF804}.Release|x86.Build.0 = Release|x86
		{C5F11677-E35C-46E6-9D2A-31EF29AFF804}.Release|x86.Deploy.0 = Release|x86
		{FDA2D2D1-4E4C-4BC4-985B-1B50263D10AA}.Debug|Any CPU.ActiveCfg = Debug|Any CPU
		{FDA2D2D1-4E4C-4BC4-985B-1B50263D10AA}.Debug|Any CPU.Build.0 = Debug|Any CPU
		{FDA2D2D1-4E4C-4BC4-985B-1B50263D10AA}.Debug|ARM.ActiveCfg = Debug|Any CPU
		{FDA2D2D1-4E4C-4BC4-985B-1B50263D10AA}.Debug|ARM.Build.0 = Debug|Any CPU
		{FDA2D2D1-4E4C-4BC4-985B-1B50263D10AA}.Debug|x64.ActiveCfg = Debug|Any CPU
		{FDA2D2D1-4E4C-4BC4-985B-1B50263D10AA}.Debug|x64.Build.0 = Debug|Any CPU
		{FDA2D2D1-4E4C-4BC4-985B-1B50263D10AA}.Debug|x86.ActiveCfg = Debug|Any CPU
		{FDA2D2D1-4E4C-4BC4-985B-1B50263D10AA}.Debug|x86.Build.0 = Debug|Any CPU
		{FDA2D2D1-4E4C-4BC4-985B-1B50263D10AA}.Release|Any CPU.ActiveCfg = Release|Any CPU
		{FDA2D2D1-4E4C-4BC4-985B-1B50263D10AA}.Release|Any CPU.Build.0 = Release|Any CPU
		{FDA2D2D1-4E4C-4BC4-985B-1B50263D10AA}.Release|ARM.ActiveCfg = Release|Any CPU
		{FDA2D2D1-4E4C-4BC4-985B-1B50263D10AA}.Release|ARM.Build.0 = Release|Any CPU
		{FDA2D2D1-4E4C-4BC4-985B-1B50263D10AA}.Release|x64.ActiveCfg = Release|Any CPU
		{FDA2D2D1-4E4C-4BC4-985B-1B50263D10AA}.Release|x64.Build.0 = Release|Any CPU
		{FDA2D2D1-4E4C-4BC4-985B-1B50263D10AA}.Release|x86.ActiveCfg = Release|Any CPU
		{FDA2D2D1-4E4C-4BC4-985B-1B50263D10AA}.Release|x86.Build.0 = Release|Any CPU
		{759FB89A-7BCE-4200-A867-071CECB168C1}.Debug|Any CPU.ActiveCfg = Debug|Any CPU
		{759FB89A-7BCE-4200-A867-071CECB168C1}.Debug|Any CPU.Build.0 = Debug|Any CPU
		{759FB89A-7BCE-4200-A867-071CECB168C1}.Debug|ARM.ActiveCfg = Debug|Any CPU
		{759FB89A-7BCE-4200-A867-071CECB168C1}.Debug|ARM.Build.0 = Debug|Any CPU
		{759FB89A-7BCE-4200-A867-071CECB168C1}.Debug|x64.ActiveCfg = Debug|Any CPU
		{759FB89A-7BCE-4200-A867-071CECB168C1}.Debug|x64.Build.0 = Debug|Any CPU
		{759FB89A-7BCE-4200-A867-071CECB168C1}.Debug|x86.ActiveCfg = Debug|Any CPU
		{759FB89A-7BCE-4200-A867-071CECB168C1}.Debug|x86.Build.0 = Debug|Any CPU
		{759FB89A-7BCE-4200-A867-071CECB168C1}.Release|Any CPU.ActiveCfg = Release|Any CPU
		{759FB89A-7BCE-4200-A867-071CECB168C1}.Release|Any CPU.Build.0 = Release|Any CPU
		{759FB89A-7BCE-4200-A867-071CECB168C1}.Release|ARM.ActiveCfg = Release|Any CPU
		{759FB89A-7BCE-4200-A867-071CECB168C1}.Release|ARM.Build.0 = Release|Any CPU
		{759FB89A-7BCE-4200-A867-071CECB168C1}.Release|x64.ActiveCfg = Release|Any CPU
		{759FB89A-7BCE-4200-A867-071CECB168C1}.Release|x64.Build.0 = Release|Any CPU
		{759FB89A-7BCE-4200-A867-071CECB168C1}.Release|x86.ActiveCfg = Release|Any CPU
		{759FB89A-7BCE-4200-A867-071CECB168C1}.Release|x86.Build.0 = Release|Any CPU
		{FF551802-216A-4E66-B852-5151F8C8FF4C}.Debug|Any CPU.ActiveCfg = Debug|Any CPU
		{FF551802-216A-4E66-B852-5151F8C8FF4C}.Debug|Any CPU.Build.0 = Debug|Any CPU
		{FF551802-216A-4E66-B852-5151F8C8FF4C}.Debug|ARM.ActiveCfg = Debug|Any CPU
		{FF551802-216A-4E66-B852-5151F8C8FF4C}.Debug|ARM.Build.0 = Debug|Any CPU
		{FF551802-216A-4E66-B852-5151F8C8FF4C}.Debug|x64.ActiveCfg = Debug|Any CPU
		{FF551802-216A-4E66-B852-5151F8C8FF4C}.Debug|x64.Build.0 = Debug|Any CPU
		{FF551802-216A-4E66-B852-5151F8C8FF4C}.Debug|x86.ActiveCfg = Debug|Any CPU
		{FF551802-216A-4E66-B852-5151F8C8FF4C}.Debug|x86.Build.0 = Debug|Any CPU
		{FF551802-216A-4E66-B852-5151F8C8FF4C}.Release|Any CPU.ActiveCfg = Release|Any CPU
		{FF551802-216A-4E66-B852-5151F8C8FF4C}.Release|Any CPU.Build.0 = Release|Any CPU
		{FF551802-216A-4E66-B852-5151F8C8FF4C}.Release|ARM.ActiveCfg = Release|Any CPU
		{FF551802-216A-4E66-B852-5151F8C8FF4C}.Release|ARM.Build.0 = Release|Any CPU
		{FF551802-216A-4E66-B852-5151F8C8FF4C}.Release|x64.ActiveCfg = Release|Any CPU
		{FF551802-216A-4E66-B852-5151F8C8FF4C}.Release|x64.Build.0 = Release|Any CPU
		{FF551802-216A-4E66-B852-5151F8C8FF4C}.Release|x86.ActiveCfg = Release|Any CPU
		{FF551802-216A-4E66-B852-5151F8C8FF4C}.Release|x86.Build.0 = Release|Any CPU
		{8C42B7D8-D51B-4313-A645-9EF8C3F4F36E}.Debug|Any CPU.ActiveCfg = Debug|Any CPU
		{8C42B7D8-D51B-4313-A645-9EF8C3F4F36E}.Debug|Any CPU.Build.0 = Debug|Any CPU
		{8C42B7D8-D51B-4313-A645-9EF8C3F4F36E}.Debug|ARM.ActiveCfg = Debug|ARM
		{8C42B7D8-D51B-4313-A645-9EF8C3F4F36E}.Debug|ARM.Build.0 = Debug|ARM
		{8C42B7D8-D51B-4313-A645-9EF8C3F4F36E}.Debug|x64.ActiveCfg = Debug|x64
		{8C42B7D8-D51B-4313-A645-9EF8C3F4F36E}.Debug|x64.Build.0 = Debug|x64
		{8C42B7D8-D51B-4313-A645-9EF8C3F4F36E}.Debug|x86.ActiveCfg = Debug|x86
		{8C42B7D8-D51B-4313-A645-9EF8C3F4F36E}.Debug|x86.Build.0 = Debug|x86
		{8C42B7D8-D51B-4313-A645-9EF8C3F4F36E}.Release|Any CPU.ActiveCfg = Release|Any CPU
		{8C42B7D8-D51B-4313-A645-9EF8C3F4F36E}.Release|Any CPU.Build.0 = Release|Any CPU
		{8C42B7D8-D51B-4313-A645-9EF8C3F4F36E}.Release|ARM.ActiveCfg = Release|ARM
		{8C42B7D8-D51B-4313-A645-9EF8C3F4F36E}.Release|ARM.Build.0 = Release|ARM
		{8C42B7D8-D51B-4313-A645-9EF8C3F4F36E}.Release|x64.ActiveCfg = Release|x64
		{8C42B7D8-D51B-4313-A645-9EF8C3F4F36E}.Release|x64.Build.0 = Release|x64
		{8C42B7D8-D51B-4313-A645-9EF8C3F4F36E}.Release|x86.ActiveCfg = Release|x86
		{8C42B7D8-D51B-4313-A645-9EF8C3F4F36E}.Release|x86.Build.0 = Release|x86
		{9EA0CDD6-9C5D-4649-9C85-AE37597F7D9A}.Debug|Any CPU.ActiveCfg = Debug|Any CPU
		{9EA0CDD6-9C5D-4649-9C85-AE37597F7D9A}.Debug|Any CPU.Build.0 = Debug|Any CPU
		{9EA0CDD6-9C5D-4649-9C85-AE37597F7D9A}.Debug|ARM.ActiveCfg = Debug|Any CPU
		{9EA0CDD6-9C5D-4649-9C85-AE37597F7D9A}.Debug|ARM.Build.0 = Debug|Any CPU
		{9EA0CDD6-9C5D-4649-9C85-AE37597F7D9A}.Debug|x64.ActiveCfg = Debug|Any CPU
		{9EA0CDD6-9C5D-4649-9C85-AE37597F7D9A}.Debug|x64.Build.0 = Debug|Any CPU
		{9EA0CDD6-9C5D-4649-9C85-AE37597F7D9A}.Debug|x86.ActiveCfg = Debug|Any CPU
		{9EA0CDD6-9C5D-4649-9C85-AE37597F7D9A}.Debug|x86.Build.0 = Debug|Any CPU
		{9EA0CDD6-9C5D-4649-9C85-AE37597F7D9A}.Release|Any CPU.ActiveCfg = Release|Any CPU
		{9EA0CDD6-9C5D-4649-9C85-AE37597F7D9A}.Release|Any CPU.Build.0 = Release|Any CPU
		{9EA0CDD6-9C5D-4649-9C85-AE37597F7D9A}.Release|ARM.ActiveCfg = Release|Any CPU
		{9EA0CDD6-9C5D-4649-9C85-AE37597F7D9A}.Release|ARM.Build.0 = Release|Any CPU
		{9EA0CDD6-9C5D-4649-9C85-AE37597F7D9A}.Release|x64.ActiveCfg = Release|Any CPU
		{9EA0CDD6-9C5D-4649-9C85-AE37597F7D9A}.Release|x64.Build.0 = Release|Any CPU
		{9EA0CDD6-9C5D-4649-9C85-AE37597F7D9A}.Release|x86.ActiveCfg = Release|Any CPU
		{9EA0CDD6-9C5D-4649-9C85-AE37597F7D9A}.Release|x86.Build.0 = Release|Any CPU
		{B639A09F-A556-4241-8649-4ED7E596ED98}.Debug|Any CPU.ActiveCfg = Debug|Any CPU
		{B639A09F-A556-4241-8649-4ED7E596ED98}.Debug|Any CPU.Build.0 = Debug|Any CPU
		{B639A09F-A556-4241-8649-4ED7E596ED98}.Debug|ARM.ActiveCfg = Debug|ARM
		{B639A09F-A556-4241-8649-4ED7E596ED98}.Debug|ARM.Build.0 = Debug|ARM
		{B639A09F-A556-4241-8649-4ED7E596ED98}.Debug|x64.ActiveCfg = Debug|x64
		{B639A09F-A556-4241-8649-4ED7E596ED98}.Debug|x64.Build.0 = Debug|x64
		{B639A09F-A556-4241-8649-4ED7E596ED98}.Debug|x86.ActiveCfg = Debug|x86
		{B639A09F-A556-4241-8649-4ED7E596ED98}.Debug|x86.Build.0 = Debug|x86
		{B639A09F-A556-4241-8649-4ED7E596ED98}.Release|Any CPU.ActiveCfg = Release|Any CPU
		{B639A09F-A556-4241-8649-4ED7E596ED98}.Release|Any CPU.Build.0 = Release|Any CPU
		{B639A09F-A556-4241-8649-4ED7E596ED98}.Release|ARM.ActiveCfg = Release|ARM
		{B639A09F-A556-4241-8649-4ED7E596ED98}.Release|ARM.Build.0 = Release|ARM
		{B639A09F-A556-4241-8649-4ED7E596ED98}.Release|x64.ActiveCfg = Release|x64
		{B639A09F-A556-4241-8649-4ED7E596ED98}.Release|x64.Build.0 = Release|x64
		{B639A09F-A556-4241-8649-4ED7E596ED98}.Release|x86.ActiveCfg = Release|x86
		{B639A09F-A556-4241-8649-4ED7E596ED98}.Release|x86.Build.0 = Release|x86
	EndGlobalSection
	GlobalSection(SolutionProperties) = preSolution
		HideSolutionNode = FALSE
	EndGlobalSection
	GlobalSection(NestedProjects) = preSolution
		{C5F11677-E35C-46E6-9D2A-31EF29AFF804} = {2C2F5A9E-82CD-4286-A5C0-883FBAF3CFA7}
		{FDA2D2D1-4E4C-4BC4-985B-1B50263D10AA} = {2C2F5A9E-82CD-4286-A5C0-883FBAF3CFA7}
		{759FB89A-7BCE-4200-A867-071CECB168C1} = {2C2F5A9E-82CD-4286-A5C0-883FBAF3CFA7}
		{FF551802-216A-4E66-B852-5151F8C8FF4C} = {2C2F5A9E-82CD-4286-A5C0-883FBAF3CFA7}
		{8C42B7D8-D51B-4313-A645-9EF8C3F4F36E} = {2C2F5A9E-82CD-4286-A5C0-883FBAF3CFA7}
		{9EA0CDD6-9C5D-4649-9C85-AE37597F7D9A} = {2C2F5A9E-82CD-4286-A5C0-883FBAF3CFA7}
		{B639A09F-A556-4241-8649-4ED7E596ED98} = {2C2F5A9E-82CD-4286-A5C0-883FBAF3CFA7}
	EndGlobalSection
EndGlobal
